
Microsoft Visual Studio Solution File, Format Version 12.00
# Visual Studio 15
VisualStudioVersion = 15.0.28010.2041
MinimumVisualStudioVersion = 10.0.40219.1
Project("{FAE04EC0-301F-11D3-BF4B-00C04F79EFBC}") = "QRs", "QRs\QRs.csproj", "{FF2E0EBE-63AD-48FB-8443-AAE34DADF24E}"
EndProject
Global
	GlobalSection(SolutionConfigurationPlatforms) = preSolution
		Debug|Any CPU = Debug|Any CPU
		Release|Any CPU = Release|Any CPU
	EndGlobalSection
	GlobalSection(ProjectConfigurationPlatforms) = postSolution
		{FF2E0EBE-63AD-48FB-8443-AAE34DADF24E}.Debug|Any CPU.ActiveCfg = Debug|Any CPU
		{FF2E0EBE-63AD-48FB-8443-AAE34DADF24E}.Debug|Any CPU.Build.0 = Debug|Any CPU
		{FF2E0EBE-63AD-48FB-8443-AAE34DADF24E}.Release|Any CPU.ActiveCfg = Release|Any CPU
		{FF2E0EBE-63AD-48FB-8443-AAE34DADF24E}.Release|Any CPU.Build.0 = Release|Any CPU
	EndGlobalSection
	GlobalSection(SolutionProperties) = preSolution
		HideSolutionNode = FALSE
	EndGlobalSection
	GlobalSection(ExtensibilityGlobals) = postSolution
		SolutionGuid = {B25060FE-7351-4885-8F1B-6953321C58FB}
	EndGlobalSection
EndGlobal
